
Microsoft Visual Studio Solution File, Format Version 12.00
# Visual Studio Version 17
VisualStudioVersion = 17.9.34701.34
MinimumVisualStudioVersion = 10.0.40219.1
Project("{FAE04EC0-301F-11D3-BF4B-00C04F79EFBC}") = "WindowsFormsApp", "WindowsFormsApp.csproj", "{F76D4D2A-C791-43D2-9482-2EDD21124B49}"
EndProject
Global
	GlobalSection(SolutionConfigurationPlatforms) = preSolution
		Debug|Any CPU = Debug|Any CPU
		Release|Any CPU = Release|Any CPU
	EndGlobalSection
	GlobalSection(ProjectConfigurationPlatforms) = postSolution
		{F76D4D2A-C791-43D2-9482-2EDD21124B49}.Debug|Any CPU.ActiveCfg = Debug|Any CPU
		{F76D4D2A-C791-43D2-9482-2EDD21124B49}.Debug|Any CPU.Build.0 = Debug|Any CPU
		{F76D4D2A-C791-43D2-9482-2EDD21124B49}.Release|Any CPU.ActiveCfg = Release|Any CPU
		{F76D4D2A-C791-43D2-9482-2EDD21124B49}.Release|Any CPU.Build.0 = Release|Any CPU
	EndGlobalSection
	GlobalSection(SolutionProperties) = preSolution
		HideSolutionNode = FALSE
	EndGlobalSection
	GlobalSection(ExtensibilityGlobals) = postSolution
		SolutionGuid = {B7301546-6C03-474D-8996-95E0DB1059F0}
	EndGlobalSection
EndGlobal
