
Microsoft Visual Studio Solution File, Format Version 12.00
# Visual Studio Version 17
VisualStudioVersion = 17.9.34616.47
MinimumVisualStudioVersion = 10.0.40219.1
Project("{FAE04EC0-301F-11D3-BF4B-00C04F79EFBC}") = "s2_926", "s2_926\s2_926.csproj", "{38CDFE97-7FBD-4585-B79D-A41EFEFA7511}"
EndProject
Global
	GlobalSection(SolutionConfigurationPlatforms) = preSolution
		Debug|Any CPU = Debug|Any CPU
		Release|Any CPU = Release|Any CPU
	EndGlobalSection
	GlobalSection(ProjectConfigurationPlatforms) = postSolution
		{38CDFE97-7FBD-4585-B79D-A41EFEFA7511}.Debug|Any CPU.ActiveCfg = Debug|Any CPU
		{38CDFE97-7FBD-4585-B79D-A41EFEFA7511}.Debug|Any CPU.Build.0 = Debug|Any CPU
		{38CDFE97-7FBD-4585-B79D-A41EFEFA7511}.Release|Any CPU.ActiveCfg = Release|Any CPU
		{38CDFE97-7FBD-4585-B79D-A41EFEFA7511}.Release|Any CPU.Build.0 = Release|Any CPU
	EndGlobalSection
	GlobalSection(SolutionProperties) = preSolution
		HideSolutionNode = FALSE
	EndGlobalSection
	GlobalSection(ExtensibilityGlobals) = postSolution
		SolutionGuid = {8A71E4A3-7E51-4EC3-83EF-408F57F563B2}
	EndGlobalSection
EndGlobal
